
Microsoft Visual Studio Solution File, Format Version 12.00
# Visual Studio Version 16
VisualStudioVersion = 16.0.31829.152
MinimumVisualStudioVersion = 10.0.40219.1
Project("{FAE04EC0-301F-11D3-BF4B-00C04F79EFBC}") = "WPF-5-2", "WPF-5-2.csproj", "{7D1EDEB6-EC0A-44D3-B4D8-7CCFA1BC31CD}"
EndProject
Global
	GlobalSection(SolutionConfigurationPlatforms) = preSolution
		Debug|Any CPU = Debug|Any CPU
		Release|Any CPU = Release|Any CPU
	EndGlobalSection
	GlobalSection(ProjectConfigurationPlatforms) = postSolution
		{7D1EDEB6-EC0A-44D3-B4D8-7CCFA1BC31CD}.Debug|Any CPU.ActiveCfg = Debug|Any CPU
		{7D1EDEB6-EC0A-44D3-B4D8-7CCFA1BC31CD}.Debug|Any CPU.Build.0 = Debug|Any CPU
		{7D1EDEB6-EC0A-44D3-B4D8-7CCFA1BC31CD}.Release|Any CPU.ActiveCfg = Release|Any CPU
		{7D1EDEB6-EC0A-44D3-B4D8-7CCFA1BC31CD}.Release|Any CPU.Build.0 = Release|Any CPU
	EndGlobalSection
	GlobalSection(SolutionProperties) = preSolution
		HideSolutionNode = FALSE
	EndGlobalSection
	GlobalSection(ExtensibilityGlobals) = postSolution
		SolutionGuid = {298C326D-21DF-4EC5-B790-CBBC9BA9BB08}
	EndGlobalSection
EndGlobal
